
Microsoft Visual Studio Solution File, Format Version 12.00
# Visual Studio Version 17
VisualStudioVersion = 17.14.36623.8 d17.14
MinimumVisualStudioVersion = 10.0.40219.1
Project("{FAE04EC0-301F-11D3-BF4B-00C04F79EFBC}") = "WorkingMVC", "WorkingMVC\WorkingMVC.csproj", "{D20D8F58-5356-42B2-B8E4-55975E97F13E}"
EndProject
Global
	GlobalSection(SolutionConfigurationPlatforms) = preSolution
		Debug|Any CPU = Debug|Any CPU
		Release|Any CPU = Release|Any CPU
	EndGlobalSection
	GlobalSection(ProjectConfigurationPlatforms) = postSolution
		{D20D8F58-5356-42B2-B8E4-55975E97F13E}.Debug|Any CPU.ActiveCfg = Debug|Any CPU
		{D20D8F58-5356-42B2-B8E4-55975E97F13E}.Debug|Any CPU.Build.0 = Debug|Any CPU
		{D20D8F58-5356-42B2-B8E4-55975E97F13E}.Release|Any CPU.ActiveCfg = Release|Any CPU
		{D20D8F58-5356-42B2-B8E4-55975E97F13E}.Release|Any CPU.Build.0 = Release|Any CPU
	EndGlobalSection
	GlobalSection(SolutionProperties) = preSolution
		HideSolutionNode = FALSE
	EndGlobalSection
	GlobalSection(ExtensibilityGlobals) = postSolution
		SolutionGuid = {010C8063-8A99-4541-96EB-1812FCB836A5}
	EndGlobalSection
EndGlobal
